
Microsoft Visual Studio Solution File, Format Version 12.00
# Visual Studio Version 17
VisualStudioVersion = 17.4.33103.184
MinimumVisualStudioVersion = 10.0.40219.1
Project("{FAE04EC0-301F-11D3-BF4B-00C04F79EFBC}") = "NetCoreWebNlog", "NetCoreWebNlog\NetCoreWebNlog.csproj", "{A3BF4DF7-BCBC-472B-B90C-8DE275C9ABEE}"
EndProject
Global
	GlobalSection(SolutionConfigurationPlatforms) = preSolution
		Debug|Any CPU = Debug|Any CPU
		Release|Any CPU = Release|Any CPU
	EndGlobalSection
	GlobalSection(ProjectConfigurationPlatforms) = postSolution
		{A3BF4DF7-BCBC-472B-B90C-8DE275C9ABEE}.Debug|Any CPU.ActiveCfg = Debug|Any CPU
		{A3BF4DF7-BCBC-472B-B90C-8DE275C9ABEE}.Debug|Any CPU.Build.0 = Debug|Any CPU
		{A3BF4DF7-BCBC-472B-B90C-8DE275C9ABEE}.Release|Any CPU.ActiveCfg = Release|Any CPU
		{A3BF4DF7-BCBC-472B-B90C-8DE275C9ABEE}.Release|Any CPU.Build.0 = Release|Any CPU
	EndGlobalSection
	GlobalSection(SolutionProperties) = preSolution
		HideSolutionNode = FALSE
	EndGlobalSection
	GlobalSection(ExtensibilityGlobals) = postSolution
		SolutionGuid = {B8D43DF2-1D33-4A91-9664-D1A7F2B93A6B}
	EndGlobalSection
EndGlobal
